
Microsoft Visual Studio Solution File, Format Version 12.00
# Visual Studio Version 17
VisualStudioVersion = 17.5.33516.290
MinimumVisualStudioVersion = 10.0.40219.1
Project("{2150E333-8FDC-42A3-9474-1A3956D46DE8}") = "Commons", "Commons", "{54C00573-A6BC-4EF7-B7B2-4F632DB70973}"
EndProject
Project("{2150E333-8FDC-42A3-9474-1A3956D46DE8}") = "FileService", "FileService", "{C486538E-40ED-4668-9750-156855E8AD61}"
EndProject
Project("{2150E333-8FDC-42A3-9474-1A3956D46DE8}") = "MediaEncoder", "MediaEncoder", "{FCA325C7-2552-46CD-9892-C76153C1F769}"
EndProject
Project("{2150E333-8FDC-42A3-9474-1A3956D46DE8}") = "SearchService", "SearchService", "{FB002F31-D2E9-4B12-8F70-E73987643023}"
EndProject
Project("{2150E333-8FDC-42A3-9474-1A3956D46DE8}") = "IdentityService", "IdentityService", "{F1330BC9-7798-4456-97A9-1BC54AD96ED2}"
EndProject
Project("{9A19103F-16F7-4668-BE54-9A1E7A4F7556}") = "Juqianxie.Commons", "Juqianxie.Commons\Juqianxie.Commons.csproj", "{27BC2B9D-08DC-4117-AE7C-3DEF4D2704A4}"
EndProject
Project("{9A19103F-16F7-4668-BE54-9A1E7A4F7556}") = "Juqianxie.DomainCommons", "Juqianxie.DomainCommons\Juqianxie.DomainCommons.csproj", "{29A96976-E5A4-4FE1-AF1B-371190D677D8}"
EndProject
Project("{9A19103F-16F7-4668-BE54-9A1E7A4F7556}") = "Juqianxie.Infrastructure", "Juqianxie.Infrastructure\Juqianxie.Infrastructure.csproj", "{315C1547-D496-4F40-8E06-5BBDAF61459C}"
EndProject
Project("{9A19103F-16F7-4668-BE54-9A1E7A4F7556}") = "Juqianxie.EventBus", "Juqianxie.EventBus\Juqianxie.EventBus.csproj", "{5705C247-09F1-4CD7-809C-B7F521E4A56E}"
EndProject
Project("{9A19103F-16F7-4668-BE54-9A1E7A4F7556}") = "Juqianxie.ASPNETCore", "Juqianxie.ASPNETCore\Juqianxie.ASPNETCore.csproj", "{DEB6A7EA-8191-4A59-9F53-55C7B3896CB7}"
EndProject
Project("{9A19103F-16F7-4668-BE54-9A1E7A4F7556}") = "Juqianxie.JWT", "Juqianxie.JWT\Juqianxie.JWT.csproj", "{70335CF1-AE07-4821-A327-E282F666A86E}"
EndProject
Project("{9A19103F-16F7-4668-BE54-9A1E7A4F7556}") = "FileService.Domain", "FileService.Domain\FileService.Domain.csproj", "{8A4E53A9-0020-4E24-94A3-308A07171197}"
EndProject
Project("{9A19103F-16F7-4668-BE54-9A1E7A4F7556}") = "FileService.Infrastructure", "FileService.Infrastructure\FileService.Infrastructure.csproj", "{96E6C37D-289F-4F77-B984-5D61552FDA3A}"
EndProject
Project("{9A19103F-16F7-4668-BE54-9A1E7A4F7556}") = "FileService.Respository", "FileService.Respository\FileService.Respository.csproj", "{C826ED74-B7C8-4903-A654-54BC49E331BF}"
EndProject
Project("{9A19103F-16F7-4668-BE54-9A1E7A4F7556}") = "FileService.WebAPI", "FileService.WebAPI\FileService.WebAPI.csproj", "{2E379307-9427-44E5-862C-F6D4E6C47C65}"
EndProject
Project("{9A19103F-16F7-4668-BE54-9A1E7A4F7556}") = "IdentityService.Domain", "IdentityService.Domain\IdentityService.Domain.csproj", "{E62FB36B-A745-4205-B0D3-8A46D58B7FB2}"
EndProject
Project("{9A19103F-16F7-4668-BE54-9A1E7A4F7556}") = "IdentityService.Infrastructure", "IdentityService.Infrastructure\IdentityService.Infrastructure.csproj", "{B959DBFE-4D78-4600-B351-0E2B3D095FA5}"
EndProject
Project("{9A19103F-16F7-4668-BE54-9A1E7A4F7556}") = "IdentityService.Respository", "IdentityService.Respository\IdentityService.Respository.csproj", "{72525AD5-6E48-4B27-AC97-33C011956826}"
EndProject
Project("{9A19103F-16F7-4668-BE54-9A1E7A4F7556}") = "IdentityService.WebAPI", "IdentityService.WebAPI\IdentityService.WebAPI.csproj", "{76E4A402-970C-4AFC-B466-E7F72509B927}"
EndProject
Project("{FAE04EC0-301F-11D3-BF4B-00C04F79EFBC}") = "CommonInitializer", "CommonInitializer\CommonInitializer.csproj", "{6BCE5062-B274-4FBD-99AE-6CC250B4864A}"
EndProject
Global
	GlobalSection(SolutionConfigurationPlatforms) = preSolution
		Debug|Any CPU = Debug|Any CPU
		Release|Any CPU = Release|Any CPU
	EndGlobalSection
	GlobalSection(ProjectConfigurationPlatforms) = postSolution
		{27BC2B9D-08DC-4117-AE7C-3DEF4D2704A4}.Debug|Any CPU.ActiveCfg = Debug|Any CPU
		{27BC2B9D-08DC-4117-AE7C-3DEF4D2704A4}.Debug|Any CPU.Build.0 = Debug|Any CPU
		{27BC2B9D-08DC-4117-AE7C-3DEF4D2704A4}.Release|Any CPU.ActiveCfg = Release|Any CPU
		{27BC2B9D-08DC-4117-AE7C-3DEF4D2704A4}.Release|Any CPU.Build.0 = Release|Any CPU
		{29A96976-E5A4-4FE1-AF1B-371190D677D8}.Debug|Any CPU.ActiveCfg = Debug|Any CPU
		{29A96976-E5A4-4FE1-AF1B-371190D677D8}.Debug|Any CPU.Build.0 = Debug|Any CPU
		{29A96976-E5A4-4FE1-AF1B-371190D677D8}.Release|Any CPU.ActiveCfg = Release|Any CPU
		{29A96976-E5A4-4FE1-AF1B-371190D677D8}.Release|Any CPU.Build.0 = Release|Any CPU
		{315C1547-D496-4F40-8E06-5BBDAF61459C}.Debug|Any CPU.ActiveCfg = Debug|Any CPU
		{315C1547-D496-4F40-8E06-5BBDAF61459C}.Debug|Any CPU.Build.0 = Debug|Any CPU
		{315C1547-D496-4F40-8E06-5BBDAF61459C}.Release|Any CPU.ActiveCfg = Release|Any CPU
		{315C1547-D496-4F40-8E06-5BBDAF61459C}.Release|Any CPU.Build.0 = Release|Any CPU
		{5705C247-09F1-4CD7-809C-B7F521E4A56E}.Debug|Any CPU.ActiveCfg = Debug|Any CPU
		{5705C247-09F1-4CD7-809C-B7F521E4A56E}.Debug|Any CPU.Build.0 = Debug|Any CPU
		{5705C247-09F1-4CD7-809C-B7F521E4A56E}.Release|Any CPU.ActiveCfg = Release|Any CPU
		{5705C247-09F1-4CD7-809C-B7F521E4A56E}.Release|Any CPU.Build.0 = Release|Any CPU
		{DEB6A7EA-8191-4A59-9F53-55C7B3896CB7}.Debug|Any CPU.ActiveCfg = Debug|Any CPU
		{DEB6A7EA-8191-4A59-9F53-55C7B3896CB7}.Debug|Any CPU.Build.0 = Debug|Any CPU
		{DEB6A7EA-8191-4A59-9F53-55C7B3896CB7}.Release|Any CPU.ActiveCfg = Release|Any CPU
		{DEB6A7EA-8191-4A59-9F53-55C7B3896CB7}.Release|Any CPU.Build.0 = Release|Any CPU
		{70335CF1-AE07-4821-A327-E282F666A86E}.Debug|Any CPU.ActiveCfg = Debug|Any CPU
		{70335CF1-AE07-4821-A327-E282F666A86E}.Debug|Any CPU.Build.0 = Debug|Any CPU
		{70335CF1-AE07-4821-A327-E282F666A86E}.Release|Any CPU.ActiveCfg = Release|Any CPU
		{70335CF1-AE07-4821-A327-E282F666A86E}.Release|Any CPU.Build.0 = Release|Any CPU
		{8A4E53A9-0020-4E24-94A3-308A07171197}.Debug|Any CPU.ActiveCfg = Debug|Any CPU
		{8A4E53A9-0020-4E24-94A3-308A07171197}.Debug|Any CPU.Build.0 = Debug|Any CPU
		{8A4E53A9-0020-4E24-94A3-308A07171197}.Release|Any CPU.ActiveCfg = Release|Any CPU
		{8A4E53A9-0020-4E24-94A3-308A07171197}.Release|Any CPU.Build.0 = Release|Any CPU
		{96E6C37D-289F-4F77-B984-5D61552FDA3A}.Debug|Any CPU.ActiveCfg = Debug|Any CPU
		{96E6C37D-289F-4F77-B984-5D61552FDA3A}.Debug|Any CPU.Build.0 = Debug|Any CPU
		{96E6C37D-289F-4F77-B984-5D61552FDA3A}.Release|Any CPU.ActiveCfg = Release|Any CPU
		{96E6C37D-289F-4F77-B984-5D61552FDA3A}.Release|Any CPU.Build.0 = Release|Any CPU
		{C826ED74-B7C8-4903-A654-54BC49E331BF}.Debug|Any CPU.ActiveCfg = Debug|Any CPU
		{C826ED74-B7C8-4903-A654-54BC49E331BF}.Debug|Any CPU.Build.0 = Debug|Any CPU
		{C826ED74-B7C8-4903-A654-54BC49E331BF}.Release|Any CPU.ActiveCfg = Release|Any CPU
		{C826ED74-B7C8-4903-A654-54BC49E331BF}.Release|Any CPU.Build.0 = Release|Any CPU
		{2E379307-9427-44E5-862C-F6D4E6C47C65}.Debug|Any CPU.ActiveCfg = Debug|Any CPU
		{2E379307-9427-44E5-862C-F6D4E6C47C65}.Debug|Any CPU.Build.0 = Debug|Any CPU
		{2E379307-9427-44E5-862C-F6D4E6C47C65}.Release|Any CPU.ActiveCfg = Release|Any CPU
		{2E379307-9427-44E5-862C-F6D4E6C47C65}.Release|Any CPU.Build.0 = Release|Any CPU
		{E62FB36B-A745-4205-B0D3-8A46D58B7FB2}.Debug|Any CPU.ActiveCfg = Debug|Any CPU
		{E62FB36B-A745-4205-B0D3-8A46D58B7FB2}.Debug|Any CPU.Build.0 = Debug|Any CPU
		{E62FB36B-A745-4205-B0D3-8A46D58B7FB2}.Release|Any CPU.ActiveCfg = Release|Any CPU
		{E62FB36B-A745-4205-B0D3-8A46D58B7FB2}.Release|Any CPU.Build.0 = Release|Any CPU
		{B959DBFE-4D78-4600-B351-0E2B3D095FA5}.Debug|Any CPU.ActiveCfg = Debug|Any CPU
		{B959DBFE-4D78-4600-B351-0E2B3D095FA5}.Debug|Any CPU.Build.0 = Debug|Any CPU
		{B959DBFE-4D78-4600-B351-0E2B3D095FA5}.Release|Any CPU.ActiveCfg = Release|Any CPU
		{B959DBFE-4D78-4600-B351-0E2B3D095FA5}.Release|Any CPU.Build.0 = Release|Any CPU
		{72525AD5-6E48-4B27-AC97-33C011956826}.Debug|Any CPU.ActiveCfg = Debug|Any CPU
		{72525AD5-6E48-4B27-AC97-33C011956826}.Debug|Any CPU.Build.0 = Debug|Any CPU
		{72525AD5-6E48-4B27-AC97-33C011956826}.Release|Any CPU.ActiveCfg = Release|Any CPU
		{72525AD5-6E48-4B27-AC97-33C011956826}.Release|Any CPU.Build.0 = Release|Any CPU
		{76E4A402-970C-4AFC-B466-E7F72509B927}.Debug|Any CPU.ActiveCfg = Debug|Any CPU
		{76E4A402-970C-4AFC-B466-E7F72509B927}.Debug|Any CPU.Build.0 = Debug|Any CPU
		{76E4A402-970C-4AFC-B466-E7F72509B927}.Release|Any CPU.ActiveCfg = Release|Any CPU
		{76E4A402-970C-4AFC-B466-E7F72509B927}.Release|Any CPU.Build.0 = Release|Any CPU
		{6BCE5062-B274-4FBD-99AE-6CC250B4864A}.Debug|Any CPU.ActiveCfg = Debug|Any CPU
		{6BCE5062-B274-4FBD-99AE-6CC250B4864A}.Debug|Any CPU.Build.0 = Debug|Any CPU
		{6BCE5062-B274-4FBD-99AE-6CC250B4864A}.Release|Any CPU.ActiveCfg = Release|Any CPU
		{6BCE5062-B274-4FBD-99AE-6CC250B4864A}.Release|Any CPU.Build.0 = Release|Any CPU
	EndGlobalSection
	GlobalSection(SolutionProperties) = preSolution
		HideSolutionNode = FALSE
	EndGlobalSection
	GlobalSection(NestedProjects) = preSolution
		{27BC2B9D-08DC-4117-AE7C-3DEF4D2704A4} = {54C00573-A6BC-4EF7-B7B2-4F632DB70973}
		{29A96976-E5A4-4FE1-AF1B-371190D677D8} = {54C00573-A6BC-4EF7-B7B2-4F632DB70973}
		{315C1547-D496-4F40-8E06-5BBDAF61459C} = {54C00573-A6BC-4EF7-B7B2-4F632DB70973}
		{5705C247-09F1-4CD7-809C-B7F521E4A56E} = {54C00573-A6BC-4EF7-B7B2-4F632DB70973}
		{DEB6A7EA-8191-4A59-9F53-55C7B3896CB7} = {54C00573-A6BC-4EF7-B7B2-4F632DB70973}
		{70335CF1-AE07-4821-A327-E282F666A86E} = {54C00573-A6BC-4EF7-B7B2-4F632DB70973}
		{8A4E53A9-0020-4E24-94A3-308A07171197} = {C486538E-40ED-4668-9750-156855E8AD61}
		{96E6C37D-289F-4F77-B984-5D61552FDA3A} = {C486538E-40ED-4668-9750-156855E8AD61}
		{C826ED74-B7C8-4903-A654-54BC49E331BF} = {C486538E-40ED-4668-9750-156855E8AD61}
		{2E379307-9427-44E5-862C-F6D4E6C47C65} = {C486538E-40ED-4668-9750-156855E8AD61}
		{E62FB36B-A745-4205-B0D3-8A46D58B7FB2} = {F1330BC9-7798-4456-97A9-1BC54AD96ED2}
		{B959DBFE-4D78-4600-B351-0E2B3D095FA5} = {F1330BC9-7798-4456-97A9-1BC54AD96ED2}
		{72525AD5-6E48-4B27-AC97-33C011956826} = {F1330BC9-7798-4456-97A9-1BC54AD96ED2}
		{76E4A402-970C-4AFC-B466-E7F72509B927} = {F1330BC9-7798-4456-97A9-1BC54AD96ED2}
		{6BCE5062-B274-4FBD-99AE-6CC250B4864A} = {54C00573-A6BC-4EF7-B7B2-4F632DB70973}
	EndGlobalSection
	GlobalSection(ExtensibilityGlobals) = postSolution
		SolutionGuid = {D6C134D6-800C-4536-8D47-8BBAF38BBEE9}
	EndGlobalSection
EndGlobal
